
Microsoft Visual Studio Solution File, Format Version 12.00
# Visual Studio Version 16
VisualStudioVersion = 16.0.29920.165
MinimumVisualStudioVersion = 10.0.40219.1
Project("{FAE04EC0-301F-11D3-BF4B-00C04F79EFBC}") = "Sanch.Class.Constructor.Property", "Sanch.Class.Constructor.Property\Sanch.Class.Constructor.Property.csproj", "{0D7C5863-98FD-43C3-A8BD-E63655A7AC20}"
EndProject
Global
	GlobalSection(SolutionConfigurationPlatforms) = preSolution
		Debug|Any CPU = Debug|Any CPU
		Release|Any CPU = Release|Any CPU
	EndGlobalSection
	GlobalSection(ProjectConfigurationPlatforms) = postSolution
		{0D7C5863-98FD-43C3-A8BD-E63655A7AC20}.Debug|Any CPU.ActiveCfg = Debug|Any CPU
		{0D7C5863-98FD-43C3-A8BD-E63655A7AC20}.Debug|Any CPU.Build.0 = Debug|Any CPU
		{0D7C5863-98FD-43C3-A8BD-E63655A7AC20}.Release|Any CPU.ActiveCfg = Release|Any CPU
		{0D7C5863-98FD-43C3-A8BD-E63655A7AC20}.Release|Any CPU.Build.0 = Release|Any CPU
	EndGlobalSection
	GlobalSection(SolutionProperties) = preSolution
		HideSolutionNode = FALSE
	EndGlobalSection
	GlobalSection(ExtensibilityGlobals) = postSolution
		SolutionGuid = {3C30A306-59FC-4E66-BE8A-6C03509F83B8}
	EndGlobalSection
EndGlobal
